
Microsoft Visual Studio Solution File, Format Version 12.00
# Visual Studio Version 16
VisualStudioVersion = 16.0.30413.136
MinimumVisualStudioVersion = 10.0.40219.1
Project("{FAE04EC0-301F-11D3-BF4B-00C04F79EFBC}") = "ConsoleApp", "ConsoleApp\ConsoleApp.csproj", "{C0AAB363-0753-473D-81EB-3D2284A4F80F}"
EndProject
Project("{FAE04EC0-301F-11D3-BF4B-00C04F79EFBC}") = "SharedLibrares", "SharedLibrares\SharedLibrares.csproj", "{4C0A6BFE-7B69-4D55-A5C9-DA68F9025225}"
EndProject
Global
	GlobalSection(SolutionConfigurationPlatforms) = preSolution
		Debug|Any CPU = Debug|Any CPU
		Release|Any CPU = Release|Any CPU
	EndGlobalSection
	GlobalSection(ProjectConfigurationPlatforms) = postSolution
		{C0AAB363-0753-473D-81EB-3D2284A4F80F}.Debug|Any CPU.ActiveCfg = Debug|Any CPU
		{C0AAB363-0753-473D-81EB-3D2284A4F80F}.Debug|Any CPU.Build.0 = Debug|Any CPU
		{C0AAB363-0753-473D-81EB-3D2284A4F80F}.Release|Any CPU.ActiveCfg = Release|Any CPU
		{C0AAB363-0753-473D-81EB-3D2284A4F80F}.Release|Any CPU.Build.0 = Release|Any CPU
		{4C0A6BFE-7B69-4D55-A5C9-DA68F9025225}.Debug|Any CPU.ActiveCfg = Debug|Any CPU
		{4C0A6BFE-7B69-4D55-A5C9-DA68F9025225}.Debug|Any CPU.Build.0 = Debug|Any CPU
		{4C0A6BFE-7B69-4D55-A5C9-DA68F9025225}.Release|Any CPU.ActiveCfg = Release|Any CPU
		{4C0A6BFE-7B69-4D55-A5C9-DA68F9025225}.Release|Any CPU.Build.0 = Release|Any CPU
	EndGlobalSection
	GlobalSection(SolutionProperties) = preSolution
		HideSolutionNode = FALSE
	EndGlobalSection
	GlobalSection(ExtensibilityGlobals) = postSolution
		SolutionGuid = {A0DCDCA5-57CE-47CC-8F8D-0911EB0C683E}
	EndGlobalSection
EndGlobal
